
Microsoft Visual Studio Solution File, Format Version 12.00
# Visual Studio 15
VisualStudioVersion = 15.0.28307.1340
MinimumVisualStudioVersion = 10.0.40219.1
Project("{8BC9CEB8-8B4A-11D0-8D11-00A0C91BC942}") = "Pacman", "Pacman\Pacman.vcxproj", "{8AB54A1F-AAA2-4577-9FEB-A8460EBFDE29}"
EndProject
Global
	GlobalSection(SolutionConfigurationPlatforms) = preSolution
		Debug|x64 = Debug|x64
		Debug|x86 = Debug|x86
		Release|x64 = Release|x64
		Release|x86 = Release|x86
	EndGlobalSection
	GlobalSection(ProjectConfigurationPlatforms) = postSolution
		{8AB54A1F-AAA2-4577-9FEB-A8460EBFDE29}.Debug|x64.ActiveCfg = Debug|x64
		{8AB54A1F-AAA2-4577-9FEB-A8460EBFDE29}.Debug|x64.Build.0 = Debug|x64
		{8AB54A1F-AAA2-4577-9FEB-A8460EBFDE29}.Debug|x86.ActiveCfg = Debug|Win32
		{8AB54A1F-AAA2-4577-9FEB-A8460EBFDE29}.Debug|x86.Build.0 = Debug|Win32
		{8AB54A1F-AAA2-4577-9FEB-A8460EBFDE29}.Release|x64.ActiveCfg = Release|x64
		{8AB54A1F-AAA2-4577-9FEB-A8460EBFDE29}.Release|x64.Build.0 = Release|x64
		{8AB54A1F-AAA2-4577-9FEB-A8460EBFDE29}.Release|x86.ActiveCfg = Release|Win32
		{8AB54A1F-AAA2-4577-9FEB-A8460EBFDE29}.Release|x86.Build.0 = Release|Win32
	EndGlobalSection
	GlobalSection(SolutionProperties) = preSolution
		HideSolutionNode = FALSE
	EndGlobalSection
	GlobalSection(ExtensibilityGlobals) = postSolution
		SolutionGuid = {701CEB46-587F-48C2-9D4B-C0EA79EF2A41}
	EndGlobalSection
EndGlobal
